{
  "version": 4,
  "terraform_version": "0.12.24",
  "serial": 9,
  "lineage": "1fbd59af-3016-674c-d757-0a929bab62d6",
  "outputs": {},
  "resources": [
    {
      "mode": "managed",
      "type": "openstack_compute_instance_v2",
      "name": "test",
      "provider": "provider.openstack",
      "instances": [
        {
          "schema_version": 0,
          "attributes": {
            "access_ip_v4": "192.168.100.81",
            "access_ip_v6": "",
            "admin_pass": null,
            "all_metadata": {},
            "all_tags": [],
            "availability_zone": "nova",
            "availability_zone_hints": null,
            "block_device": [],
            "config_drive": null,
            "flavor_id": "37079289-ac98-43dd-8837-02ada9bfcfda",
            "flavor_name": "m1.medium",
            "floating_ip": null,
            "force_delete": false,
            "id": "a5900c41-cb0c-4919-a8b4-2535a769aec7",
            "image_id": "1c1c30f4-c787-4953-ba86-a24d5a1aee21",
            "image_name": "Debian9+Docker",
            "key_pair": "",
            "metadata": null,
            "name": "test-vm",
            "network": [
              {
                "access_network": false,
                "fixed_ip_v4": "192.168.100.81",
                "fixed_ip_v6": "",
                "floating_ip": "",
                "mac": "fa:16:3e:5b:f1:79",
                "name": "provider",
                "port": "",
                "uuid": "c27cc516-b8b7-430e-af52-48b452df4aa7"
              }
            ],
            "personality": [],
            "power_state": "active",
            "region": "",
            "scheduler_hints": [],
            "security_groups": [
              "default"
            ],
            "stop_before_destroy": false,
            "tags": null,
            "timeouts": null,
            "user_data": null,
            "vendor_options": [],
            "volume": []
          },
          "private": "eyJlMmJmYjczMC1lY2FhLTExZTYtOGY4OC0zNDM2M2JjN2M0YzAiOnsiY3JlYXRlIjoxODAwMDAwMDAwMDAwLCJkZWxldGUiOjE4MDAwMDAwMDAwMDAsInVwZGF0ZSI6MTgwMDAwMDAwMDAwMH19"
        }
      ]
    }
  ]
}
